
Microsoft Visual Studio Solution File, Format Version 12.00
# Visual Studio 15
VisualStudioVersion = 15.0.28307.168
MinimumVisualStudioVersion = 10.0.40219.1
Project("{FAE04EC0-301F-11D3-BF4B-00C04F79EFBC}") = "AreaAndPolicy", "AreaAndPolicy\AreaAndPolicy.csproj", "{F52F6D48-90B1-44B3-A1D5-A2574342E70C}"
EndProject
Project("{FAE04EC0-301F-11D3-BF4B-00C04F79EFBC}") = "MVCTest", "MVCTest\MVCTest.csproj", "{4DD3F737-D039-42D3-887C-8F35CE58957B}"
EndProject
Global
	GlobalSection(SolutionConfigurationPlatforms) = preSolution
		Debug|Any CPU = Debug|Any CPU
		Release|Any CPU = Release|Any CPU
	EndGlobalSection
	GlobalSection(ProjectConfigurationPlatforms) = postSolution
		{F52F6D48-90B1-44B3-A1D5-A2574342E70C}.Debug|Any CPU.ActiveCfg = Debug|Any CPU
		{F52F6D48-90B1-44B3-A1D5-A2574342E70C}.Debug|Any CPU.Build.0 = Debug|Any CPU
		{F52F6D48-90B1-44B3-A1D5-A2574342E70C}.Release|Any CPU.ActiveCfg = Release|Any CPU
		{F52F6D48-90B1-44B3-A1D5-A2574342E70C}.Release|Any CPU.Build.0 = Release|Any CPU
		{4DD3F737-D039-42D3-887C-8F35CE58957B}.Debug|Any CPU.ActiveCfg = Debug|Any CPU
		{4DD3F737-D039-42D3-887C-8F35CE58957B}.Debug|Any CPU.Build.0 = Debug|Any CPU
		{4DD3F737-D039-42D3-887C-8F35CE58957B}.Release|Any CPU.ActiveCfg = Release|Any CPU
		{4DD3F737-D039-42D3-887C-8F35CE58957B}.Release|Any CPU.Build.0 = Release|Any CPU
	EndGlobalSection
	GlobalSection(SolutionProperties) = preSolution
		HideSolutionNode = FALSE
	EndGlobalSection
	GlobalSection(ExtensibilityGlobals) = postSolution
		SolutionGuid = {E22DE47E-3834-4451-81F8-9D0432F63CDE}
	EndGlobalSection
EndGlobal
